<?xml version="1.0" encoding="utf-8"?>
<Project ToolsVersion="4.0" xmlns="http://schemas.microsoft.com/developer/msbuild/2003">
  <ItemGroup>
    <Filter Include="Source Files">
      <UniqueIdentifier>{4FC737F1-C7A5-4376-A066-2A32D752A2FF}</UniqueIdentifier>
      <Extensions>cpp;c;cc;cxx;def;odl;idl;hpj;bat;asm;asmx</Extensions>
    </Filter>
    <Filter Include="Header Files">
      <UniqueIdentifier>{93995380-89BD-4b04-88EB-625FBE52EBFB}</UniqueIdentifier>
      <Extensions>h;hh;hpp;hxx;hm;inl;inc;ipp;xsd</Extensions>
    </Filter>
    <Filter Include="Shaders">
      <UniqueIdentifier>{9ecc77d6-04c2-48c5-872f-a38f63c47f05}</UniqueIdentifier>
    </Filter>
    <Filter Include="Header Files\Vulkan">
      <UniqueIdentifier>{9e2e5d9c-4e58-4dab-9e09-249a903f6cb2}</UniqueIdentifier>
    </Filter>
    <Filter Include="Header Files\Imgui">
      <UniqueIdentifier>{dd98d16b-14bb-4cbe-b8cd-06343d991550}</UniqueIdentifier>
    </Filter>
    <Filter Include="Header Files\Simple Events">
      <UniqueIdentifier>{c2ed5ac8-ba5e-48ee-b1a2-89f50418344c}</UniqueIdentifier>
    </Filter>
    <Filter Include="Header Files\Vk-Generator">
      <UniqueIdentifier>{3bffb34c-61f0-4859-9838-c62f90eb7c68}</UniqueIdentifier>
    </Filter>
  </ItemGroup>
  <ItemGroup>
    <ClCompile Include="..\src\App.cpp">
      <Filter>Source Files</Filter>
    </ClCompile>
    <ClCompile Include="..\src\InputManager.cpp">
      <Filter>Source Files</Filter>
    </ClCompile>
    <ClCompile Include="..\src\Main.cpp">
      <Filter>Source Files</Filter>
    </ClCompile>
    <ClCompile Include="..\src\Mesh.cpp">
      <Filter>Source Files</Filter>
    </ClCompile>
    <ClCompile Include="..\src\Model.cpp">
      <Filter>Source Files</Filter>
    </ClCompile>
    <ClCompile Include="..\src\Settings.cpp">
      <Filter>Source Files</Filter>
    </ClCompile>
    <ClCompile Include="..\src\SponzaDemo.cpp">
      <Filter>Source Files</Filter>
    </ClCompile>
    <ClCompile Include="..\src\SponzaDemoSettings.cpp">
      <Filter>Source Files</Filter>
    </ClCompile>
    <ClCompile Include="..\src\UI.cpp">
      <Filter>Source Files</Filter>
    </ClCompile>
    <ClCompile Include="..\src\include\imgui-1.70\imgui.cpp">
      <Filter>Header Files\Imgui</Filter>
    </ClCompile>
    <ClCompile Include="..\src\include\imgui-1.70\imgui_demo.cpp">
      <Filter>Header Files\Imgui</Filter>
    </ClCompile>
    <ClCompile Include="..\src\include\imgui-1.70\imgui_draw.cpp">
      <Filter>Header Files\Imgui</Filter>
    </ClCompile>
    <ClCompile Include="..\src\include\imgui-1.70\imgui_widgets.cpp">
      <Filter>Header Files\Imgui</Filter>
    </ClCompile>
  </ItemGroup>
  <ItemGroup>
    <ClInclude Include="..\src\include\App.h">
      <Filter>Header Files</Filter>
    </ClInclude>
    <ClInclude Include="..\src\include\Flags.h">
      <Filter>Header Files</Filter>
    </ClInclude>
    <ClInclude Include="..\src\include\InputManager.h">
      <Filter>Header Files</Filter>
    </ClInclude>
    <ClInclude Include="..\src\include\Logger.h">
      <Filter>Header Files</Filter>
    </ClInclude>
    <ClInclude Include="..\src\include\Mesh.h">
      <Filter>Header Files</Filter>
    </ClInclude>
    <ClInclude Include="..\src\include\Model.h">
      <Filter>Header Files</Filter>
    </ClInclude>
    <ClInclude Include="..\src\include\Settings.h">
      <Filter>Header Files</Filter>
    </ClInclude>
    <ClInclude Include="..\src\include\SponzaDemo.h">
      <Filter>Header Files</Filter>
    </ClInclude>
    <ClInclude Include="..\src\include\SponzaDemoSettings.h">
      <Filter>Header Files</Filter>
    </ClInclude>
    <ClInclude Include="..\src\include\UI.h">
      <Filter>Header Files</Filter>
    </ClInclude>
    <ClInclude Include="..\src\include\VertexLayout.h">
      <Filter>Header Files</Filter>
    </ClInclude>
    <ClInclude Include="..\src\include\VertexTypes.h">
      <Filter>Header Files</Filter>
    </ClInclude>
    <ClInclude Include="..\src\include\Buffer.h">
      <Filter>Header Files\Vulkan</Filter>
    </ClInclude>
    <ClInclude Include="..\src\include\Command.h">
      <Filter>Header Files\Vulkan</Filter>
    </ClInclude>
    <ClInclude Include="..\src\include\DepthBuffer.h">
      <Filter>Header Files\Vulkan</Filter>
    </ClInclude>
    <ClInclude Include="..\src\include\DescriptorPool.h">
      <Filter>Header Files\Vulkan</Filter>
    </ClInclude>
    <ClInclude Include="..\src\include\DescriptorSet.h">
      <Filter>Header Files\Vulkan</Filter>
    </ClInclude>
    <ClInclude Include="..\src\include\DescriptorSetLayout.h">
      <Filter>Header Files\Vulkan</Filter>
    </ClInclude>
    <ClInclude Include="..\src\include\Fence.h">
      <Filter>Header Files\Vulkan</Filter>
    </ClInclude>
    <ClInclude Include="..\src\include\FrameBuffer.h">
      <Filter>Header Files\Vulkan</Filter>
    </ClInclude>
    <ClInclude Include="..\src\include\GraphicsPipeline.h">
      <Filter>Header Files\Vulkan</Filter>
    </ClInclude>
    <ClInclude Include="..\src\include\PipelineCache.h">
      <Filter>Header Files\Vulkan</Filter>
    </ClInclude>
    <ClInclude Include="..\src\include\RenderPass.h">
      <Filter>Header Files\Vulkan</Filter>
    </ClInclude>
    <ClInclude Include="..\src\include\RenderTarget.h">
      <Filter>Header Files\Vulkan</Filter>
    </ClInclude>
    <ClInclude Include="..\src\include\Sampler.h">
      <Filter>Header Files\Vulkan</Filter>
    </ClInclude>
    <ClInclude Include="..\src\include\Semaphore.h">
      <Filter>Header Files\Vulkan</Filter>
    </ClInclude>
    <ClInclude Include="..\src\include\Shader.h">
      <Filter>Header Files\Vulkan</Filter>
    </ClInclude>
    <ClInclude Include="..\src\include\Swapchain.h">
      <Filter>Header Files\Vulkan</Filter>
    </ClInclude>
    <ClInclude Include="..\src\include\Texture.h">
      <Filter>Header Files\Vulkan</Filter>
    </ClInclude>
    <ClInclude Include="..\src\include\UniformBuffer.h">
      <Filter>Header Files\Vulkan</Filter>
    </ClInclude>
    <ClInclude Include="..\src\include\VulkanHelpers.h">
      <Filter>Header Files\Vulkan</Filter>
    </ClInclude>
    <ClInclude Include="..\src\include\VulkanObjects.h">
      <Filter>Header Files\Vulkan</Filter>
    </ClInclude>
    <ClInclude Include="..\src\include\Event.hpp">
      <Filter>Header Files\Simple Events</Filter>
    </ClInclude>
    <ClInclude Include="..\src\include\imgui-1.70\imconfig.h">
      <Filter>Header Files\Imgui</Filter>
    </ClInclude>
    <ClInclude Include="..\src\include\imgui-1.70\imgui.h">
      <Filter>Header Files\Imgui</Filter>
    </ClInclude>
    <ClInclude Include="..\src\include\imgui-1.70\imgui_internal.h">
      <Filter>Header Files\Imgui</Filter>
    </ClInclude>
    <ClInclude Include="..\src\include\imgui-1.70\imstb_rectpack.h">
      <Filter>Header Files\Imgui</Filter>
    </ClInclude>
    <ClInclude Include="..\src\include\imgui-1.70\imstb_textedit.h">
      <Filter>Header Files\Imgui</Filter>
    </ClInclude>
    <ClInclude Include="..\src\include\imgui-1.70\imstb_truetype.h">
      <Filter>Header Files\Imgui</Filter>
    </ClInclude>
    <ClInclude Include="..\src\include\Vk-Generator\VkGenerator.hpp">
      <Filter>Header Files\Vk-Generator</Filter>
    </ClInclude>
    <ClInclude Include="..\src\include\Vk-Generator\VkGenerator.ipp">
      <Filter>Header Files\Vk-Generator</Filter>
    </ClInclude>
    <ClInclude Include="..\src\include\Camera.h">
      <Filter>Header Files</Filter>
    </ClInclude>
  </ItemGroup>
  <ItemGroup>
    <None Include="..\assets\shaders\forward_tex.frag">
      <Filter>Shaders</Filter>
    </None>
    <None Include="..\assets\shaders\forward_Tranform_tex.vert">
      <Filter>Shaders</Filter>
    </None>
    <None Include="..\assets\shaders\inputs.glsl">
      <Filter>Shaders</Filter>
    </None>
    <None Include="..\assets\shaders\Tranform.vert">
      <Filter>Shaders</Filter>
    </None>
    <None Include="..\assets\shaders\Tranform_tex.vert">
      <Filter>Shaders</Filter>
    </None>
    <None Include="..\assets\shaders\triangle_no_mesh.frag">
      <Filter>Shaders</Filter>
    </None>
    <None Include="..\assets\shaders\triangle_no_mesh.vert">
      <Filter>Shaders</Filter>
    </None>
    <None Include="..\assets\shaders\ui.frag">
      <Filter>Shaders</Filter>
    </None>
    <None Include="..\assets\shaders\ui.vert">
      <Filter>Shaders</Filter>
    </None>
    <None Include="..\assets\shaders\unlit.frag">
      <Filter>Shaders</Filter>
    </None>
    <None Include="..\assets\shaders\unlit_tex.frag">
      <Filter>Shaders</Filter>
    </None>
    <None Include="..\assets\shaders\debug_miplevel.frag">
      <Filter>Shaders</Filter>
    </None>
    <None Include="..\assets\shaders\debug_miplevel.vert">
      <Filter>Shaders</Filter>
    </None>
  </ItemGroup>
</Project>